
Microsoft Visual Studio Solution File, Format Version 12.00
# Visual Studio 15
VisualStudioVersion = 15.0.28307.1022
MinimumVisualStudioVersion = 10.0.40219.1
Project("{FAE04EC0-301F-11D3-BF4B-00C04F79EFBC}") = "ShapeGenerator", "ShapeGenerator\ShapeGenerator.csproj", "{2C560D25-7F04-41C8-A206-7443DFF466D3}"
EndProject
Project("{FAE04EC0-301F-11D3-BF4B-00C04F79EFBC}") = "ShapeGenerator.Core", "ShapeGenerator.Core\ShapeGenerator.Core.csproj", "{2796AE76-1F6D-41FA-9274-D15AED7DD90F}"
EndProject
Global
	GlobalSection(SolutionConfigurationPlatforms) = preSolution
		Debug|Any CPU = Debug|Any CPU
		Release|Any CPU = Release|Any CPU
	EndGlobalSection
	GlobalSection(ProjectConfigurationPlatforms) = postSolution
		{2C560D25-7F04-41C8-A206-7443DFF466D3}.Debug|Any CPU.ActiveCfg = Debug|Any CPU
		{2C560D25-7F04-41C8-A206-7443DFF466D3}.Debug|Any CPU.Build.0 = Debug|Any CPU
		{2C560D25-7F04-41C8-A206-7443DFF466D3}.Release|Any CPU.ActiveCfg = Release|Any CPU
		{2C560D25-7F04-41C8-A206-7443DFF466D3}.Release|Any CPU.Build.0 = Release|Any CPU
		{2796AE76-1F6D-41FA-9274-D15AED7DD90F}.Debug|Any CPU.ActiveCfg = Debug|Any CPU
		{2796AE76-1F6D-41FA-9274-D15AED7DD90F}.Debug|Any CPU.Build.0 = Debug|Any CPU
		{2796AE76-1F6D-41FA-9274-D15AED7DD90F}.Release|Any CPU.ActiveCfg = Release|Any CPU
		{2796AE76-1F6D-41FA-9274-D15AED7DD90F}.Release|Any CPU.Build.0 = Release|Any CPU
	EndGlobalSection
	GlobalSection(SolutionProperties) = preSolution
		HideSolutionNode = FALSE
	EndGlobalSection
	GlobalSection(ExtensibilityGlobals) = postSolution
		SolutionGuid = {7C0B8375-3103-4E1B-A849-172EB192AABC}
	EndGlobalSection
EndGlobal
